{
  "name": "neverland",
  "version": "1.0.0",
  "lockfileVersion": 1,
  "requires": true,
  "dependencies": {
    "neverland": {
      "version": "0.0.0",
      "resolved": "https://registry.npmjs.org/neverland/-/neverland-0.0.0.tgz",
      "integrity": "sha1-eadpoCF936qD031WMIn6SPZLfto="
    }
  }
}
